
Microsoft Visual Studio Solution File, Format Version 12.00
# Visual Studio Version 16
VisualStudioVersion = 16.0.30621.155
MinimumVisualStudioVersion = 10.0.40219.1
Project("{FAE04EC0-301F-11D3-BF4B-00C04F79EFBC}") = "Book", "Book\Book.csproj", "{4CB549F3-C60F-4B8D-8E25-CDD18F53E6FA}"
EndProject
Global
	GlobalSection(SolutionConfigurationPlatforms) = preSolution
		Debug|Any CPU = Debug|Any CPU
		Release|Any CPU = Release|Any CPU
	EndGlobalSection
	GlobalSection(ProjectConfigurationPlatforms) = postSolution
		{4CB549F3-C60F-4B8D-8E25-CDD18F53E6FA}.Debug|Any CPU.ActiveCfg = Debug|Any CPU
		{4CB549F3-C60F-4B8D-8E25-CDD18F53E6FA}.Debug|Any CPU.Build.0 = Debug|Any CPU
		{4CB549F3-C60F-4B8D-8E25-CDD18F53E6FA}.Release|Any CPU.ActiveCfg = Release|Any CPU
		{4CB549F3-C60F-4B8D-8E25-CDD18F53E6FA}.Release|Any CPU.Build.0 = Release|Any CPU
	EndGlobalSection
	GlobalSection(SolutionProperties) = preSolution
		HideSolutionNode = FALSE
	EndGlobalSection
	GlobalSection(ExtensibilityGlobals) = postSolution
		SolutionGuid = {08FC00A2-9770-41A0-B5A6-22BA75C81AE5}
	EndGlobalSection
EndGlobal
